{
  "name": "tree-sitter-cuda",
  "version": "0.19.0",
  "lockfileVersion": 2,
  "requires": true,
  "packages": {
    "": {
      "version": "0.19.0",
      "license": "MIT",
      "dependencies": {
        "nan": "^2.14.0"
      },
      "devDependencies": {
        "tree-sitter-c": "git://github.com/tree-sitter/tree-sitter-c.git#008008e30a81849fca0c79291e2b480855e0e02c",
        "tree-sitter-cli": "^0.19.5",
        "tree-sitter-cpp": "git://github.com/tree-sitter/tree-sitter-cpp.git#c61212414a3e95b5f7507f98e83de1d638044adc"
      }
    },
    "node_modules/nan": {
      "version": "2.14.2",
      "resolved": "https://registry.npmjs.org/nan/-/nan-2.14.2.tgz",
      "integrity": "sha512-M2ufzIiINKCuDfBSAUr1vWQ+vuVcA9kqx8JJUsbQi6yf1uGRyb7HfpdfUr5qLXf3B/t8dPvcjhKMmlfnP47EzQ=="
    },
    "node_modules/tree-sitter-c": {
      "version": "0.19.0",
      "resolved": "git+ssh://git@github.com/tree-sitter/tree-sitter-c.git#008008e30a81849fca0c79291e2b480855e0e02c",
      "integrity": "sha512-NyPMr5aD8hF8InmcC9K360EHOeal21hpPCvErJYDXEKTycyQXYyVloyb0XdOrcjFKlsuX5uinkp3pZmCurfhDA==",
      "dev": true,
      "hasInstallScript": true,
      "license": "MIT",
      "dependencies": {
        "nan": "^2.14.0"
      }
    },
    "node_modules/tree-sitter-cli": {
      "version": "0.19.5",
      "resolved": "https://registry.npmjs.org/tree-sitter-cli/-/tree-sitter-cli-0.19.5.tgz",
      "integrity": "sha512-kRzKrUAwpDN9AjA3b0tPBwT1hd8N2oQvvvHup2OEsX6mdsSMLmAvR+NSqK9fe05JrRbVvG8mbteNUQsxlMQohQ==",
      "dev": true,
      "hasInstallScript": true,
      "bin": {
        "tree-sitter": "cli.js"
      }
    },
    "node_modules/tree-sitter-cpp": {
      "version": "0.19.0",
      "resolved": "git+ssh://git@github.com/tree-sitter/tree-sitter-cpp.git#c61212414a3e95b5f7507f98e83de1d638044adc",
      "integrity": "sha512-jYJjuL+/AQ+Uw7VepXsNwWYavFoQOBIt/EhemM24Dazr5ePRnY9g7I0Ct8DZsqgbTe7C66fMoMAWYxAjnXCPMg==",
      "dev": true,
      "hasInstallScript": true,
      "license": "MIT",
      "dependencies": {
        "nan": "^2.14.0"
      }
    }
  },
  "dependencies": {
    "nan": {
      "version": "2.14.2",
      "resolved": "https://registry.npmjs.org/nan/-/nan-2.14.2.tgz",
      "integrity": "sha512-M2ufzIiINKCuDfBSAUr1vWQ+vuVcA9kqx8JJUsbQi6yf1uGRyb7HfpdfUr5qLXf3B/t8dPvcjhKMmlfnP47EzQ=="
    },
    "tree-sitter-c": {
      "version": "git+ssh://git@github.com/tree-sitter/tree-sitter-c.git#008008e30a81849fca0c79291e2b480855e0e02c",
      "integrity": "sha512-NyPMr5aD8hF8InmcC9K360EHOeal21hpPCvErJYDXEKTycyQXYyVloyb0XdOrcjFKlsuX5uinkp3pZmCurfhDA==",
      "dev": true,
      "from": "tree-sitter-c@git://github.com/tree-sitter/tree-sitter-c.git#008008e30a81849fca0c79291e2b480855e0e02c",
      "requires": {
        "nan": "^2.14.0"
      }
    },
    "tree-sitter-cli": {
      "version": "0.19.5",
      "resolved": "https://registry.npmjs.org/tree-sitter-cli/-/tree-sitter-cli-0.19.5.tgz",
      "integrity": "sha512-kRzKrUAwpDN9AjA3b0tPBwT1hd8N2oQvvvHup2OEsX6mdsSMLmAvR+NSqK9fe05JrRbVvG8mbteNUQsxlMQohQ==",
      "dev": true
    },
    "tree-sitter-cpp": {
      "version": "git+ssh://git@github.com/tree-sitter/tree-sitter-cpp.git#c61212414a3e95b5f7507f98e83de1d638044adc",
      "integrity": "sha512-jYJjuL+/AQ+Uw7VepXsNwWYavFoQOBIt/EhemM24Dazr5ePRnY9g7I0Ct8DZsqgbTe7C66fMoMAWYxAjnXCPMg==",
      "dev": true,
      "from": "tree-sitter-cpp@git://github.com/tree-sitter/tree-sitter-cpp.git#c61212414a3e95b5f7507f98e83de1d638044adc",
      "requires": {
        "nan": "^2.14.0"
      }
    }
  }
}
